
Microsoft Visual Studio Solution File, Format Version 12.00
# Visual Studio 15
VisualStudioVersion = 15.0.27004.2002
MinimumVisualStudioVersion = 10.0.40219.1
Project("{FAE04EC0-301F-11D3-BF4B-00C04F79EFBC}") = "ASPCoreWebApp", "ASPCoreWebApp\ASPCoreWebApp.csproj", "{40D1DA65-3A43-4234-9425-A6AF6FBBB034}"
EndProject
Global
	GlobalSection(SolutionConfigurationPlatforms) = preSolution
		Debug|Any CPU = Debug|Any CPU
		Release|Any CPU = Release|Any CPU
	EndGlobalSection
	GlobalSection(ProjectConfigurationPlatforms) = postSolution
		{40D1DA65-3A43-4234-9425-A6AF6FBBB034}.Debug|Any CPU.ActiveCfg = Debug|Any CPU
		{40D1DA65-3A43-4234-9425-A6AF6FBBB034}.Debug|Any CPU.Build.0 = Debug|Any CPU
		{40D1DA65-3A43-4234-9425-A6AF6FBBB034}.Release|Any CPU.ActiveCfg = Release|Any CPU
		{40D1DA65-3A43-4234-9425-A6AF6FBBB034}.Release|Any CPU.Build.0 = Release|Any CPU
	EndGlobalSection
	GlobalSection(SolutionProperties) = preSolution
		HideSolutionNode = FALSE
	EndGlobalSection
	GlobalSection(ExtensibilityGlobals) = postSolution
		SolutionGuid = {33B11A20-2A76-4713-8A7D-41AA15AE2BE0}
	EndGlobalSection
EndGlobal
